
Microsoft Visual Studio Solution File, Format Version 12.00
# Visual Studio Version 17
VisualStudioVersion = 17.3.32804.467
MinimumVisualStudioVersion = 10.0.40219.1
Project("{9A19103F-16F7-4668-BE54-9A1E7A4F7556}") = "Entities", "..\Entities\Entities.csproj", "{07D78B5E-0AE6-4AE3-8C13-32CC249236AD}"
EndProject
Project("{9A19103F-16F7-4668-BE54-9A1E7A4F7556}") = "Business", "..\Business\Business.csproj", "{008A03CA-8D0B-473E-AD30-B54EEDDE9A07}"
EndProject
Project("{9A19103F-16F7-4668-BE54-9A1E7A4F7556}") = "DataAccess", "..\DataAccess\DataAccess.csproj", "{90B3FC33-25FD-4CD1-B012-03D0BDAEF9B0}"
EndProject
Project("{9A19103F-16F7-4668-BE54-9A1E7A4F7556}") = "Core", "Core\Core.csproj", "{33B954DE-9C59-4721-B60C-145D5FDFF1E2}"
EndProject
Project("{9A19103F-16F7-4668-BE54-9A1E7A4F7556}") = "WebAPI", "WebAPI\WebAPI.csproj", "{BDCA438E-8448-49F3-AC97-CD4895A6A13C}"
EndProject
Global
	GlobalSection(SolutionConfigurationPlatforms) = preSolution
		Debug|Any CPU = Debug|Any CPU
		Release|Any CPU = Release|Any CPU
	EndGlobalSection
	GlobalSection(ProjectConfigurationPlatforms) = postSolution
		{07D78B5E-0AE6-4AE3-8C13-32CC249236AD}.Debug|Any CPU.ActiveCfg = Debug|Any CPU
		{07D78B5E-0AE6-4AE3-8C13-32CC249236AD}.Debug|Any CPU.Build.0 = Debug|Any CPU
		{07D78B5E-0AE6-4AE3-8C13-32CC249236AD}.Release|Any CPU.ActiveCfg = Release|Any CPU
		{07D78B5E-0AE6-4AE3-8C13-32CC249236AD}.Release|Any CPU.Build.0 = Release|Any CPU
		{008A03CA-8D0B-473E-AD30-B54EEDDE9A07}.Debug|Any CPU.ActiveCfg = Debug|Any CPU
		{008A03CA-8D0B-473E-AD30-B54EEDDE9A07}.Debug|Any CPU.Build.0 = Debug|Any CPU
		{008A03CA-8D0B-473E-AD30-B54EEDDE9A07}.Release|Any CPU.ActiveCfg = Release|Any CPU
		{008A03CA-8D0B-473E-AD30-B54EEDDE9A07}.Release|Any CPU.Build.0 = Release|Any CPU
		{90B3FC33-25FD-4CD1-B012-03D0BDAEF9B0}.Debug|Any CPU.ActiveCfg = Debug|Any CPU
		{90B3FC33-25FD-4CD1-B012-03D0BDAEF9B0}.Debug|Any CPU.Build.0 = Debug|Any CPU
		{90B3FC33-25FD-4CD1-B012-03D0BDAEF9B0}.Release|Any CPU.ActiveCfg = Release|Any CPU
		{90B3FC33-25FD-4CD1-B012-03D0BDAEF9B0}.Release|Any CPU.Build.0 = Release|Any CPU
		{33B954DE-9C59-4721-B60C-145D5FDFF1E2}.Debug|Any CPU.ActiveCfg = Debug|Any CPU
		{33B954DE-9C59-4721-B60C-145D5FDFF1E2}.Debug|Any CPU.Build.0 = Debug|Any CPU
		{33B954DE-9C59-4721-B60C-145D5FDFF1E2}.Release|Any CPU.ActiveCfg = Release|Any CPU
		{33B954DE-9C59-4721-B60C-145D5FDFF1E2}.Release|Any CPU.Build.0 = Release|Any CPU
		{BDCA438E-8448-49F3-AC97-CD4895A6A13C}.Debug|Any CPU.ActiveCfg = Debug|Any CPU
		{BDCA438E-8448-49F3-AC97-CD4895A6A13C}.Debug|Any CPU.Build.0 = Debug|Any CPU
		{BDCA438E-8448-49F3-AC97-CD4895A6A13C}.Release|Any CPU.ActiveCfg = Release|Any CPU
		{BDCA438E-8448-49F3-AC97-CD4895A6A13C}.Release|Any CPU.Build.0 = Release|Any CPU
	EndGlobalSection
	GlobalSection(SolutionProperties) = preSolution
		HideSolutionNode = FALSE
	EndGlobalSection
	GlobalSection(ExtensibilityGlobals) = postSolution
		SolutionGuid = {03E94445-7581-4EEB-B432-EAE892042CDE}
	EndGlobalSection
EndGlobal
